// !$*UTF8*$!
{
	archiveVersion = 1;
	classes = {
	};
	objectVersion = 50;
	objects = {

/* Begin PBXBuildFile section */
		04E6144023B20588001B5202 /* AppDelegate.m in Sources */ = {isa = PBXBuildFile; fileRef = 04E6143F23B20588001B5202 /* AppDelegate.m */; };
		04E6144323B20588001B5202 /* SceneDelegate.m in Sources */ = {isa = PBXBuildFile; fileRef = 04E6144223B20588001B5202 /* SceneDelegate.m */; };
		04E6144623B20588001B5202 /* ViewController.m in Sources */ = {isa = PBXBuildFile; fileRef = 04E6144523B20588001B5202 /* ViewController.m */; };
		04E6144923B20588001B5202 /* Main.storyboard in Resources */ = {isa = PBXBuildFile; fileRef = 04E6144723B20588001B5202 /* Main.storyboard */; };
		04E6144B23B20589001B5202 /* Assets.xcassets in Resources */ = {isa = PBXBuildFile; fileRef = 04E6144A23B20589001B5202 /* Assets.xcassets */; };
		04E6144E23B20589001B5202 /* LaunchScreen.storyboard in Resources */ = {isa = PBXBuildFile; fileRef = 04E6144C23B20589001B5202 /* LaunchScreen.storyboard */; };
		04E6145123B20589001B5202 /* main.m in Sources */ = {isa = PBXBuildFile; fileRef = 04E6145023B20589001B5202 /* main.m */; };
		04E6145B23B20589001B5202 /* OCDemoTests.m in Sources */ = {isa = PBXBuildFile; fileRef = 04E6145A23B20589001B5202 /* OCDemoTests.m */; };
		04E6146623B20589001B5202 /* OCDemoUITests.m in Sources */ = {isa = PBXBuildFile; fileRef = 04E6146523B20589001B5202 /* OCDemoUITests.m */; };
/* End PBXBuildFile section */

/* Begin PBXContainerItemProxy section */
		04E6145723B20589001B5202 /* PBXContainerItemProxy */ = {
			isa = PBXContainerItemProxy;
			containerPortal = 04E6143323B20588001B5202 /* Project object */;
			proxyType = 1;
			remoteGlobalIDString = 04E6143A23B20588001B5202;
			remoteInfo = OCDemo;
		};
		04E6146223B20589001B5202 /* PBXContainerItemProxy */ = {
			isa = PBXContainerItemProxy;
			containerPortal = 04E6143323B20588001B5202 /* Project object */;
			proxyType = 1;
			remoteGlobalIDString = 04E6143A23B20588001B5202;
			remoteInfo = OCDemo;
		};
/* End PBXContainerItemProxy section */

/* Begin PBXFileReference section */
		04E6143B23B20588001B5202 /* OCDemo.app */ = {isa = PBXFileReference; explicitFileType = wrapper.application; includeInIndex = 0; path = OCDemo.app; sourceTree = BUILT_PRODUCTS_DIR; };
		04E6143E23B20588001B5202 /* AppDelegate.h */ = {isa = PBXFileReference; lastKnownFileType = sourcecode.c.h; path = AppDelegate.h; sourceTree = "<group>"; };
		04E6143F23B20588001B5202 /* AppDelegate.m */ = {isa = PBXFileReference; lastKnownFileType = sourcecode.c.objc; path = AppDelegate.m; sourceTree = "<group>"; };
		04E6144123B20588001B5202 /* SceneDelegate.h */ = {isa = PBXFileReference; lastKnownFileType = sourcecode.c.h; path = SceneDelegate.h; sourceTree = "<group>"; };
		04E6144223B20588001B5202 /* SceneDelegate.m */ = {isa = PBXFileReference; lastKnownFileType = sourcecode.c.objc; path = SceneDelegate.m; sourceTree = "<group>"; };
		04E6144423B20588001B5202 /* ViewController.h */ = {isa = PBXFileReference; lastKnownFileType = sourcecode.c.h; path = ViewController.h; sourceTree = "<group>"; };
		04E6144523B20588001B5202 /* ViewController.m */ = {isa = PBXFileReference; lastKnownFileType = sourcecode.c.objc; path = ViewController.m; sourceTree = "<group>"; };
		04E6144823B20588001B5202 /* Base */ = {isa = PBXFileReference; lastKnownFileType = file.storyboard; name = Base; path = Base.lproj/Main.storyboard; sourceTree = "<group>"; };
		04E6144A23B20589001B5202 /* Assets.xcassets */ = {isa = PBXFileReference; lastKnownFileType = folder.assetcatalog; path = Assets.xcassets; sourceTree = "<group>"; };
		04E6144D23B20589001B5202 /* Base */ = {isa = PBXFileReference; lastKnownFileType = file.storyboard; name = Base; path = Base.lproj/LaunchScreen.storyboard; sourceTree = "<group>"; };
		04E6144F23B20589001B5202 /* Info.plist */ = {isa = PBXFileReference; lastKnownFileType = text.plist.xml; path = Info.plist; sourceTree = "<group>"; };
		04E6145023B20589001B5202 /* main.m */ = {isa = PBXFileReference; lastKnownFileType = sourcecode.c.objc; path = main.m; sourceTree = "<group>"; };
		04E6145623B20589001B5202 /* OCDemoTests.xctest */ = {isa = PBXFileReference; explicitFileType = wrapper.cfbundle; includeInIndex = 0; path = OCDemoTests.xctest; sourceTree = BUILT_PRODUCTS_DIR; };
		04E6145A23B20589001B5202 /* OCDemoTests.m */ = {isa = PBXFileReference; lastKnownFileType = sourcecode.c.objc; path = OCDemoTests.m; sourceTree = "<group>"; };
		04E6145C23B20589001B5202 /* Info.plist */ = {isa = PBXFileReference; lastKnownFileType = text.plist.xml; path = Info.plist; sourceTree = "<group>"; };
		04E6146123B20589001B5202 /* OCDemoUITests.xctest */ = {isa = PBXFileReference; explicitFileType = wrapper.cfbundle; includeInIndex = 0; path = OCDemoUITests.xctest; sourceTree = BUILT_PRODUCTS_DIR; };
		04E6146523B20589001B5202 /* OCDemoUITests.m */ = {isa = PBXFileReference; lastKnownFileType = sourcecode.c.objc; path = OCDemoUITests.m; sourceTree = "<group>"; };
		04E6146723B20589001B5202 /* Info.plist */ = {isa = PBXFileReference; lastKnownFileType = text.plist.xml; path = Info.plist; sourceTree = "<group>"; };
/* End PBXFileReference section */

/* Begin PBXFrameworksBuildPhase section */
		04E6143823B20588001B5202 /* Frameworks */ = {
			isa = PBXFrameworksBuildPhase;
			buildActionMask = 2147483647;
			files = (
			);
			runOnlyForDeploymentPostprocessing = 0;
		};
		04E6145323B20589001B5202 /* Frameworks */ = {
			isa = PBXFrameworksBuildPhase;
			buildActionMask = 2147483647;
			files = (
			);
			runOnlyForDeploymentPostprocessing = 0;
		};
		04E6145E23B20589001B5202 /* Frameworks */ = {
			isa = PBXFrameworksBuildPhase;
			buildActionMask = 2147483647;
			files = (
			);
			runOnlyForDeploymentPostprocessing = 0;
		};
/* End PBXFrameworksBuildPhase section */

/* Begin PBXGroup section */
		04E6143223B20588001B5202 = {
			isa = PBXGroup;
			children = (
				04E6143D23B20588001B5202 /* OCDemo */,
				04E6145923B20589001B5202 /* OCDemoTests */,
				04E6146423B20589001B5202 /* OCDemoUITests */,
				04E6143C23B20588001B5202 /* Products */,
			);
			sourceTree = "<group>";
		};
		04E6143C23B20588001B5202 /* Products */ = {
			isa = PBXGroup;
			children = (
				04E6143B23B20588001B5202 /* OCDemo.app */,
				04E6145623B20589001B5202 /* OCDemoTests.xctest */,
				04E6146123B20589001B5202 /* OCDemoUITests.xctest */,
			);
			name = Products;
			sourceTree = "<group>";
		};
		04E6143D23B20588001B5202 /* OCDemo */ = {
			isa = PBXGroup;
			children = (
				04E6143E23B20588001B5202 /* AppDelegate.h */,
				04E6143F23B20588001B5202 /* AppDelegate.m */,
				04E6144123B20588001B5202 /* SceneDelegate.h */,
				04E6144223B20588001B5202 /* SceneDelegate.m */,
				04E6144423B20588001B5202 /* ViewController.h */,
				04E6144523B20588001B5202 /* ViewController.m */,
				04E6144723B20588001B5202 /* Main.storyboard */,
				04E6144A23B20589001B5202 /* Assets.xcassets */,
				04E6144C23B20589001B5202 /* LaunchScreen.storyboard */,
				04E6144F23B20589001B5202 /* Info.plist */,
				04E6145023B20589001B5202 /* main.m */,
			);
			path = OCDemo;
			sourceTree = "<group>";
		};
		04E6145923B20589001B5202 /* OCDemoTests */ = {
			isa = PBXGroup;
			children = (
				04E6145A23B20589001B5202 /* OCDemoTests.m */,
				04E6145C23B20589001B5202 /* Info.plist */,
			);
			path = OCDemoTests;
			sourceTree = "<group>";
		};
		04E6146423B20589001B5202 /* OCDemoUITests */ = {
			isa = PBXGroup;
			children = (
				04E6146523B20589001B5202 /* OCDemoUITests.m */,
				04E6146723B20589001B5202 /* Info.plist */,
			);
			path = OCDemoUITests;
			sourceTree = "<group>";
		};
/* End PBXGroup section */

/* Begin PBXNativeTarget section */
		04E6143A23B20588001B5202 /* OCDemo */ = {
			isa = PBXNativeTarget;
			buildConfigurationList = 04E6146A23B20589001B5202 /* Build configuration list for PBXNativeTarget "OCDemo" */;
			buildPhases = (
				04E6143723B20588001B5202 /* Sources */,
				04E6143823B20588001B5202 /* Frameworks */,
				04E6143923B20588001B5202 /* Resources */,
			);
			buildRules = (
			);
			dependencies = (
			);
			name = OCDemo;
			productName = OCDemo;
			productReference = 04E6143B23B20588001B5202 /* OCDemo.app */;
			productType = "com.apple.product-type.application";
		};
		04E6145523B20589001B5202 /* OCDemoTests */ = {
			isa = PBXNativeTarget;
			buildConfigurationList = 04E6146D23B20589001B5202 /* Build configuration list for PBXNativeTarget "OCDemoTests" */;
			buildPhases = (
				04E6145223B20589001B5202 /* Sources */,
				04E6145323B20589001B5202 /* Frameworks */,
				04E6145423B20589001B5202 /* Resources */,
			);
			buildRules = (
			);
			dependencies = (
				04E6145823B20589001B5202 /* PBXTargetDependency */,
			);
			name = OCDemoTests;
			productName = OCDemoTests;
			productReference = 04E6145623B20589001B5202 /* OCDemoTests.xctest */;
			productType = "com.apple.product-type.bundle.unit-test";
		};
		04E6146023B20589001B5202 /* OCDemoUITests */ = {
			isa = PBXNativeTarget;
			buildConfigurationList = 04E6147023B20589001B5202 /* Build configuration list for PBXNativeTarget "OCDemoUITests" */;
			buildPhases = (
				04E6145D23B20589001B5202 /* Sources */,
				04E6145E23B20589001B5202 /* Frameworks */,
				04E6145F23B20589001B5202 /* Resources */,
			);
			buildRules = (
			);
			dependencies = (
				04E6146323B20589001B5202 /* PBXTargetDependency */,
			);
			name = OCDemoUITests;
			productName = OCDemoUITests;
			productReference = 04E6146123B20589001B5202 /* OCDemoUITests.xctest */;
			productType = "com.apple.product-type.bundle.ui-testing";
		};
/* End PBXNativeTarget section */

/* Begin PBXProject section */
		04E6143323B20588001B5202 /* Project object */ = {
			isa = PBXProject;
			attributes = {
				LastUpgradeCheck = 1130;
				ORGANIZATIONNAME = ice;
				TargetAttributes = {
					04E6143A23B20588001B5202 = {
						CreatedOnToolsVersion = 11.3;
					};
					04E6145523B20589001B5202 = {
						CreatedOnToolsVersion = 11.3;
						TestTargetID = 04E6143A23B20588001B5202;
					};
					04E6146023B20589001B5202 = {
						CreatedOnToolsVersion = 11.3;
						TestTargetID = 04E6143A23B20588001B5202;
					};
				};
			};
			buildConfigurationList = 04E6143623B20588001B5202 /* Build configuration list for PBXProject "OCDemo" */;
			compatibilityVersion = "Xcode 9.3";
			developmentRegion = en;
			hasScannedForEncodings = 0;
			knownRegions = (
				en,
				Base,
			);
			mainGroup = 04E6143223B20588001B5202;
			productRefGroup = 04E6143C23B20588001B5202 /* Products */;
			projectDirPath = "";
			projectRoot = "";
			targets = (
				04E6143A23B20588001B5202 /* OCDemo */,
				04E6145523B20589001B5202 /* OCDemoTests */,
				04E6146023B20589001B5202 /* OCDemoUITests */,
			);
		};
/* End PBXProject section */

/* Begin PBXResourcesBuildPhase section */
		04E6143923B20588001B5202 /* Resources */ = {
			isa = PBXResourcesBuildPhase;
			buildActionMask = 2147483647;
			files = (
				04E6144E23B20589001B5202 /* LaunchScreen.storyboard in Resources */,
				04E6144B23B20589001B5202 /* Assets.xcassets in Resources */,
				04E6144923B20588001B5202 /* Main.storyboard in Resources */,
			);
			runOnlyForDeploymentPostprocessing = 0;
		};
		04E6145423B20589001B5202 /* Resources */ = {
			isa = PBXResourcesBuildPhase;
			buildActionMask = 2147483647;
			files = (
			);
			runOnlyForDeploymentPostprocessing = 0;
		};
		04E6145F23B20589001B5202 /* Resources */ = {
			isa = PBXResourcesBuildPhase;
			buildActionMask = 2147483647;
			files = (
			);
			runOnlyForDeploymentPostprocessing = 0;
		};
/* End PBXResourcesBuildPhase section */

/* Begin PBXSourcesBuildPhase section */
		04E6143723B20588001B5202 /* Sources */ = {
			isa = PBXSourcesBuildPhase;
			buildActionMask = 2147483647;
			files = (
				04E6144623B20588001B5202 /* ViewController.m in Sources */,
				04E6144023B20588001B5202 /* AppDelegate.m in Sources */,
				04E6145123B20589001B5202 /* main.m in Sources */,
				04E6144323B20588001B5202 /* SceneDelegate.m in Sources */,
			);
			runOnlyForDeploymentPostprocessing = 0;
		};
		04E6145223B20589001B5202 /* Sources */ = {
			isa = PBXSourcesBuildPhase;
			buildActionMask = 2147483647;
			files = (
				04E6145B23B20589001B5202 /* OCDemoTests.m in Sources */,
			);
			runOnlyForDeploymentPostprocessing = 0;
		};
		04E6145D23B20589001B5202 /* Sources */ = {
			isa = PBXSourcesBuildPhase;
			buildActionMask = 2147483647;
			files = (
				04E6146623B20589001B5202 /* OCDemoUITests.m in Sources */,
			);
			runOnlyForDeploymentPostprocessing = 0;
		};
/* End PBXSourcesBuildPhase section */

/* Begin PBXTargetDependency section */
		04E6145823B20589001B5202 /* PBXTargetDependency */ = {
			isa = PBXTargetDependency;
			target = 04E6143A23B20588001B5202 /* OCDemo */;
			targetProxy = 04E6145723B20589001B5202 /* PBXContainerItemProxy */;
		};
		04E6146323B20589001B5202 /* PBXTargetDependency */ = {
			isa = PBXTargetDependency;
			target = 04E6143A23B20588001B5202 /* OCDemo */;
			targetProxy = 04E6146223B20589001B5202 /* PBXContainerItemProxy */;
		};
/* End PBXTargetDependency section */

/* Begin PBXVariantGroup section */
		04E6144723B20588001B5202 /* Main.storyboard */ = {
			isa = PBXVariantGroup;
			children = (
				04E6144823B20588001B5202 /* Base */,
			);
			name = Main.storyboard;
			sourceTree = "<group>";
		};
		04E6144C23B20589001B5202 /* LaunchScreen.storyboard */ = {
			isa = PBXVariantGroup;
			children = (
				04E6144D23B20589001B5202 /* Base */,
			);
			name = LaunchScreen.storyboard;
			sourceTree = "<group>";
		};
/* End PBXVariantGroup section */

/* Begin XCBuildConfiguration section */
		04E6146823B20589001B5202 /* Debug */ = {
			isa = XCBuildConfiguration;
			buildSettings = {
				ALWAYS_SEARCH_USER_PATHS = NO;
				CLANG_ANALYZER_NONNULL = YES;
				CLANG_ANALYZER_NUMBER_OBJECT_CONVERSION = YES_AGGRESSIVE;
				CLANG_CXX_LANGUAGE_STANDARD = "gnu++14";
				CLANG_CXX_LIBRARY = "libc++";
				CLANG_ENABLE_MODULES = YES;
				CLANG_ENABLE_OBJC_ARC = YES;
				CLANG_ENABLE_OBJC_WEAK = YES;
				CLANG_WARN_BLOCK_CAPTURE_AUTORELEASING = YES;
				CLANG_WARN_BOOL_CONVERSION = YES;
				CLANG_WARN_COMMA = YES;
				CLANG_WARN_CONSTANT_CONVERSION = YES;
				CLANG_WARN_DEPRECATED_OBJC_IMPLEMENTATIONS = YES;
				CLANG_WARN_DIRECT_OBJC_ISA_USAGE = YES_ERROR;
				CLANG_WARN_DOCUMENTATION_COMMENTS = YES;
				CLANG_WARN_EMPTY_BODY = YES;
				CLANG_WARN_ENUM_CONVERSION = YES;
				CLANG_WARN_INFINITE_RECURSION = YES;
				CLANG_WARN_INT_CONVERSION = YES;
				CLANG_WARN_NON_LITERAL_NULL_CONVERSION = YES;
				CLANG_WARN_OBJC_IMPLICIT_RETAIN_SELF = YES;
				CLANG_WARN_OBJC_LITERAL_CONVERSION = YES;
				CLANG_WARN_OBJC_ROOT_CLASS = YES_ERROR;
				CLANG_WARN_RANGE_LOOP_ANALYSIS = YES;
				CLANG_WARN_STRICT_PROTOTYPES = YES;
				CLANG_WARN_SUSPICIOUS_MOVE = YES;
				CLANG_WARN_UNGUARDED_AVAILABILITY = YES_AGGRESSIVE;
				CLANG_WARN_UNREACHABLE_CODE = YES;
				CLANG_WARN__DUPLICATE_METHOD_MATCH = YES;
				COPY_PHASE_STRIP = NO;
				DEBUG_INFORMATION_FORMAT = dwarf;
				ENABLE_STRICT_OBJC_MSGSEND = YES;
				ENABLE_TESTABILITY = YES;
				GCC_C_LANGUAGE_STANDARD = gnu11;
				GCC_DYNAMIC_NO_PIC = NO;
				GCC_NO_COMMON_BLOCKS = YES;
				GCC_OPTIMIZATION_LEVEL = 0;
				GCC_PREPROCESSOR_DEFINITIONS = (
					"DEBUG=1",
					"$(inherited)",
				);
				GCC_WARN_64_TO_32_BIT_CONVERSION = YES;
				GCC_WARN_ABOUT_RETURN_TYPE = YES_ERROR;
				GCC_WARN_UNDECLARED_SELECTOR = YES;
				GCC_WARN_UNINITIALIZED_AUTOS = YES_AGGRESSIVE;
				GCC_WARN_UNUSED_FUNCTION = YES;
				GCC_WARN_UNUSED_VARIABLE = YES;
				IPHONEOS_DEPLOYMENT_TARGET = 13.2;
				MTL_ENABLE_DEBUG_INFO = INCLUDE_SOURCE;
				MTL_FAST_MATH = YES;
				ONLY_ACTIVE_ARCH = YES;
				SDKROOT = iphoneos;
			};
			name = Debug;
		};
		04E6146923B20589001B5202 /* Release */ = {
			isa = XCBuildConfiguration;
			buildSettings = {
				ALWAYS_SEARCH_USER_PATHS = NO;
				CLANG_ANALYZER_NONNULL = YES;
				CLANG_ANALYZER_NUMBER_OBJECT_CONVERSION = YES_AGGRESSIVE;
				CLANG_CXX_LANGUAGE_STANDARD = "gnu++14";
				CLANG_CXX_LIBRARY = "libc++";
				CLANG_ENABLE_MODULES = YES;
				CLANG_ENABLE_OBJC_ARC = YES;
				CLANG_ENABLE_OBJC_WEAK = YES;
				CLANG_WARN_BLOCK_CAPTURE_AUTORELEASING = YES;
				CLANG_WARN_BOOL_CONVERSION = YES;
				CLANG_WARN_COMMA = YES;
				CLANG_WARN_CONSTANT_CONVERSION = YES;
				CLANG_WARN_DEPRECATED_OBJC_IMPLEMENTATIONS = YES;
				CLANG_WARN_DIRECT_OBJC_ISA_USAGE = YES_ERROR;
				CLANG_WARN_DOCUMENTATION_COMMENTS = YES;
				CLANG_WARN_EMPTY_BODY = YES;
				CLANG_WARN_ENUM_CONVERSION = YES;
				CLANG_WARN_INFINITE_RECURSION = YES;
				CLANG_WARN_INT_CONVERSION = YES;
				CLANG_WARN_NON_LITERAL_NULL_CONVERSION = YES;
				CLANG_WARN_OBJC_IMPLICIT_RETAIN_SELF = YES;
				CLANG_WARN_OBJC_LITERAL_CONVERSION = YES;
				CLANG_WARN_OBJC_ROOT_CLASS = YES_ERROR;
				CLANG_WARN_RANGE_LOOP_ANALYSIS = YES;
				CLANG_WARN_STRICT_PROTOTYPES = YES;
				CLANG_WARN_SUSPICIOUS_MOVE = YES;
				CLANG_WARN_UNGUARDED_AVAILABILITY = YES_AGGRESSIVE;
				CLANG_WARN_UNREACHABLE_CODE = YES;
				CLANG_WARN__DUPLICATE_METHOD_MATCH = YES;
				COPY_PHASE_STRIP = NO;
				DEBUG_INFORMATION_FORMAT = "dwarf-with-dsym";
				ENABLE_NS_ASSERTIONS = NO;
				ENABLE_STRICT_OBJC_MSGSEND = YES;
				GCC_C_LANGUAGE_STANDARD = gnu11;
				GCC_NO_COMMON_BLOCKS = YES;
				GCC_WARN_64_TO_32_BIT_CONVERSION = YES;
				GCC_WARN_ABOUT_RETURN_TYPE = YES_ERROR;
				GCC_WARN_UNDECLARED_SELECTOR = YES;
				GCC_WARN_UNINITIALIZED_AUTOS = YES_AGGRESSIVE;
				GCC_WARN_UNUSED_FUNCTION = YES;
				GCC_WARN_UNUSED_VARIABLE = YES;
				IPHONEOS_DEPLOYMENT_TARGET = 13.2;
				MTL_ENABLE_DEBUG_INFO = NO;
				MTL_FAST_MATH = YES;
				SDKROOT = iphoneos;
				VALIDATE_PRODUCT = YES;
			};
			name = Release;
		};
		04E6146B23B20589001B5202 /* Debug */ = {
			isa = XCBuildConfiguration;
			buildSettings = {
				ASSETCATALOG_COMPILER_APPICON_NAME = AppIcon;
				CODE_SIGN_STYLE = Automatic;
				DEVELOPMENT_TEAM = 5KMQN3P4WW;
				INFOPLIST_FILE = OCDemo/Info.plist;
				LD_RUNPATH_SEARCH_PATHS = (
					"$(inherited)",
					"@executable_path/Frameworks",
				);
				PRODUCT_BUNDLE_IDENTIFIER = com.ice.OCDemo;
				PRODUCT_NAME = "$(TARGET_NAME)";
				TARGETED_DEVICE_FAMILY = "1,2";
			};
			name = Debug;
		};
		04E6146C23B20589001B5202 /* Release */ = {
			isa = XCBuildConfiguration;
			buildSettings = {
				ASSETCATALOG_COMPILER_APPICON_NAME = AppIcon;
				CODE_SIGN_STYLE = Automatic;
				DEVELOPMENT_TEAM = 5KMQN3P4WW;
				INFOPLIST_FILE = OCDemo/Info.plist;
				LD_RUNPATH_SEARCH_PATHS = (
					"$(inherited)",
					"@executable_path/Frameworks",
				);
				PRODUCT_BUNDLE_IDENTIFIER = com.ice.OCDemo;
				PRODUCT_NAME = "$(TARGET_NAME)";
				TARGETED_DEVICE_FAMILY = "1,2";
			};
			name = Release;
		};
		04E6146E23B20589001B5202 /* Debug */ = {
			isa = XCBuildConfiguration;
			buildSettings = {
				BUNDLE_LOADER = "$(TEST_HOST)";
				CODE_SIGN_STYLE = Automatic;
				DEVELOPMENT_TEAM = 5KMQN3P4WW;
				INFOPLIST_FILE = OCDemoTests/Info.plist;
				IPHONEOS_DEPLOYMENT_TARGET = 13.2;
				LD_RUNPATH_SEARCH_PATHS = (
					"$(inherited)",
					"@executable_path/Frameworks",
					"@loader_path/Frameworks",
				);
				PRODUCT_BUNDLE_IDENTIFIER = com.ice.OCDemoTests;
				PRODUCT_NAME = "$(TARGET_NAME)";
				TARGETED_DEVICE_FAMILY = "1,2";
				TEST_HOST = "$(BUILT_PRODUCTS_DIR)/OCDemo.app/OCDemo";
			};
			name = Debug;
		};
		04E6146F23B20589001B5202 /* Release */ = {
			isa = XCBuildConfiguration;
			buildSettings = {
				BUNDLE_LOADER = "$(TEST_HOST)";
				CODE_SIGN_STYLE = Automatic;
				DEVELOPMENT_TEAM = 5KMQN3P4WW;
				INFOPLIST_FILE = OCDemoTests/Info.plist;
				IPHONEOS_DEPLOYMENT_TARGET = 13.2;
				LD_RUNPATH_SEARCH_PATHS = (
					"$(inherited)",
					"@executable_path/Frameworks",
					"@loader_path/Frameworks",
				);
				PRODUCT_BUNDLE_IDENTIFIER = com.ice.OCDemoTests;
				PRODUCT_NAME = "$(TARGET_NAME)";
				TARGETED_DEVICE_FAMILY = "1,2";
				TEST_HOST = "$(BUILT_PRODUCTS_DIR)/OCDemo.app/OCDemo";
			};
			name = Release;
		};
		04E6147123B20589001B5202 /* Debug */ = {
			isa = XCBuildConfiguration;
			buildSettings = {
				CODE_SIGN_STYLE = Automatic;
				DEVELOPMENT_TEAM = 5KMQN3P4WW;
				INFOPLIST_FILE = OCDemoUITests/Info.plist;
				LD_RUNPATH_SEARCH_PATHS = (
					"$(inherited)",
					"@executable_path/Frameworks",
					"@loader_path/Frameworks",
				);
				PRODUCT_BUNDLE_IDENTIFIER = com.ice.OCDemoUITests;
				PRODUCT_NAME = "$(TARGET_NAME)";
				TARGETED_DEVICE_FAMILY = "1,2";
				TEST_TARGET_NAME = OCDemo;
			};
			name = Debug;
		};
		04E6147223B20589001B5202 /* Release */ = {
			isa = XCBuildConfiguration;
			buildSettings = {
				CODE_SIGN_STYLE = Automatic;
				DEVELOPMENT_TEAM = 5KMQN3P4WW;
				INFOPLIST_FILE = OCDemoUITests/Info.plist;
				LD_RUNPATH_SEARCH_PATHS = (
					"$(inherited)",
					"@executable_path/Frameworks",
					"@loader_path/Frameworks",
				);
				PRODUCT_BUNDLE_IDENTIFIER = com.ice.OCDemoUITests;
				PRODUCT_NAME = "$(TARGET_NAME)";
				TARGETED_DEVICE_FAMILY = "1,2";
				TEST_TARGET_NAME = OCDemo;
			};
			name = Release;
		};
/* End XCBuildConfiguration section */

/* Begin XCConfigurationList section */
		04E6143623B20588001B5202 /* Build configuration list for PBXProject "OCDemo" */ = {
			isa = XCConfigurationList;
			buildConfigurations = (
				04E6146823B20589001B5202 /* Debug */,
				04E6146923B20589001B5202 /* Release */,
			);
			defaultConfigurationIsVisible = 0;
			defaultConfigurationName = Release;
		};
		04E6146A23B20589001B5202 /* Build configuration list for PBXNativeTarget "OCDemo" */ = {
			isa = XCConfigurationList;
			buildConfigurations = (
				04E6146B23B20589001B5202 /* Debug */,
				04E6146C23B20589001B5202 /* Release */,
			);
			defaultConfigurationIsVisible = 0;
			defaultConfigurationName = Release;
		};
		04E6146D23B20589001B5202 /* Build configuration list for PBXNativeTarget "OCDemoTests" */ = {
			isa = XCConfigurationList;
			buildConfigurations = (
				04E6146E23B20589001B5202 /* Debug */,
				04E6146F23B20589001B5202 /* Release */,
			);
			defaultConfigurationIsVisible = 0;
			defaultConfigurationName = Release;
		};
		04E6147023B20589001B5202 /* Build configuration list for PBXNativeTarget "OCDemoUITests" */ = {
			isa = XCConfigurationList;
			buildConfigurations = (
				04E6147123B20589001B5202 /* Debug */,
				04E6147223B20589001B5202 /* Release */,
			);
			defaultConfigurationIsVisible = 0;
			defaultConfigurationName = Release;
		};
/* End XCConfigurationList section */
	};
	rootObject = 04E6143323B20588001B5202 /* Project object */;
}
